// !$*UTF8*$!
{
	archiveVersion = 1;
	classes = {
	};
	objectVersion = 77;
	objects = {

/* Begin PBXBuildFile section */
		029045B82ECFF0B00008E84C /* Toasts in Frameworks */ = {isa = PBXBuildFile; productRef = 029045B72ECFF0B00008E84C /* Toasts */; };
		02BA4E0C2EC47A0B00DEC8DD /* NativeGrayscaleSDK.framework in Frameworks */ = {isa = PBXBuildFile; fileRef = 02BA4E092EC47A0000DEC8DD /* NativeGrayscaleSDK.framework */; };
		02BA4E0D2EC47A0B00DEC8DD /* NativeGrayscaleSDK.framework in Embed Frameworks */ = {isa = PBXBuildFile; fileRef = 02BA4E092EC47A0000DEC8DD /* NativeGrayscaleSDK.framework */; settings = {ATTRIBUTES = (CodeSignOnCopy, RemoveHeadersOnCopy, ); }; };
		FF496063ECEE985A7A2E3F36 /* Pods_NativeGrayscaleSample.framework in Frameworks */ = {isa = PBXBuildFile; fileRef = F4BE255195DBA1F95893D197 /* Pods_NativeGrayscaleSample.framework */; };
/* End PBXBuildFile section */

/* Begin PBXContainerItemProxy section */
		02BA4E082EC47A0000DEC8DD /* PBXContainerItemProxy */ = {
			isa = PBXContainerItemProxy;
			containerPortal = 02BA4DF32EC47A0000DEC8DD /* NativeGrayscaleSDK.xcodeproj */;
			proxyType = 2;
			remoteGlobalIDString = FLUTTER001;
			remoteInfo = NativeGrayscaleSDK;
		};
		02BA4E0A2EC47A0500DEC8DD /* PBXContainerItemProxy */ = {
			isa = PBXContainerItemProxy;
			containerPortal = 02BA4DF32EC47A0000DEC8DD /* NativeGrayscaleSDK.xcodeproj */;
			proxyType = 1;
			remoteGlobalIDString = FLUTTER009;
			remoteInfo = NativeGrayscaleSDK;
		};
/* End PBXContainerItemProxy section */

/* Begin PBXCopyFilesBuildPhase section */
		02E70C3B2EC1CDF50084E2F6 /* Embed Frameworks */ = {
			isa = PBXCopyFilesBuildPhase;
			buildActionMask = 2147483647;
			dstPath = "";
			dstSubfolderSpec = 10;
			files = (
				02BA4E0D2EC47A0B00DEC8DD /* NativeGrayscaleSDK.framework in Embed Frameworks */,
			);
			name = "Embed Frameworks";
			runOnlyForDeploymentPostprocessing = 0;
		};
/* End PBXCopyFilesBuildPhase section */

/* Begin PBXFileReference section */
		02813FA02EC1BC0600172149 /* NativeGrayscaleSample.app */ = {isa = PBXFileReference; explicitFileType = wrapper.application; includeInIndex = 0; path = NativeGrayscaleSample.app; sourceTree = BUILT_PRODUCTS_DIR; };
		02BA4DF32EC47A0000DEC8DD /* NativeGrayscaleSDK.xcodeproj */ = {isa = PBXFileReference; lastKnownFileType = "wrapper.pb-project"; name = NativeGrayscaleSDK.xcodeproj; path = ../native_grayscale_sdk/ios/NativeGrayscaleSDK.xcodeproj; sourceTree = SOURCE_ROOT; };
		7E524D6A220A8C8F27563C50 /* Pods-NativeGrayscaleSample.debug.xcconfig */ = {isa = PBXFileReference; includeInIndex = 1; lastKnownFileType = text.xcconfig; name = "Pods-NativeGrayscaleSample.debug.xcconfig"; path = "Target Support Files/Pods-NativeGrayscaleSample/Pods-NativeGrayscaleSample.debug.xcconfig"; sourceTree = "<group>"; };
		CFDC5975AC39B072C854DFC5 /* Pods-NativeGrayscaleSample.release.xcconfig */ = {isa = PBXFileReference; includeInIndex = 1; lastKnownFileType = text.xcconfig; name = "Pods-NativeGrayscaleSample.release.xcconfig"; path = "Target Support Files/Pods-NativeGrayscaleSample/Pods-NativeGrayscaleSample.release.xcconfig"; sourceTree = "<group>"; };
		F4BE255195DBA1F95893D197 /* Pods_NativeGrayscaleSample.framework */ = {isa = PBXFileReference; explicitFileType = wrapper.framework; includeInIndex = 0; path = Pods_NativeGrayscaleSample.framework; sourceTree = BUILT_PRODUCTS_DIR; };
/* End PBXFileReference section */

/* Begin PBXFileSystemSynchronizedBuildFileExceptionSet section */
		02BA4C982EC2D8E500DEC8DD /* Exceptions for "NativeGrayscaleSample" folder in "NativeGrayscaleSample" target */ = {
			isa = PBXFileSystemSynchronizedBuildFileExceptionSet;
			membershipExceptions = (
				Info.plist,
			);
			target = 02813F9F2EC1BC0600172149 /* NativeGrayscaleSample */;
		};
/* End PBXFileSystemSynchronizedBuildFileExceptionSet section */

/* Begin PBXFileSystemSynchronizedRootGroup section */
		02813FA22EC1BC0600172149 /* NativeGrayscaleSample */ = {
			isa = PBXFileSystemSynchronizedRootGroup;
			exceptions = (
				02BA4C982EC2D8E500DEC8DD /* Exceptions for "NativeGrayscaleSample" folder in "NativeGrayscaleSample" target */,
			);
			path = NativeGrayscaleSample;
			sourceTree = "<group>";
		};
/* End PBXFileSystemSynchronizedRootGroup section */

/* Begin PBXFrameworksBuildPhase section */
		02813F9D2EC1BC0600172149 /* Frameworks */ = {
			isa = PBXFrameworksBuildPhase;
			buildActionMask = 2147483647;
			files = (
				02BA4E0C2EC47A0B00DEC8DD /* NativeGrayscaleSDK.framework in Frameworks */,
				029045B82ECFF0B00008E84C /* Toasts in Frameworks */,
				FF496063ECEE985A7A2E3F36 /* Pods_NativeGrayscaleSample.framework in Frameworks */,
			);
			runOnlyForDeploymentPostprocessing = 0;
		};
/* End PBXFrameworksBuildPhase section */

/* Begin PBXGroup section */
		02813F972EC1BC0600172149 = {
			isa = PBXGroup;
			children = (
				02BA4DF32EC47A0000DEC8DD /* NativeGrayscaleSDK.xcodeproj */,
				02813FA22EC1BC0600172149 /* NativeGrayscaleSample */,
				02E70C382EC1CDF50084E2F6 /* Frameworks */,
				02813FA12EC1BC0600172149 /* Products */,
				1FD4A0255CF58DD7A1651AE5 /* Pods */,
			);
			sourceTree = "<group>";
		};
		02813FA12EC1BC0600172149 /* Products */ = {
			isa = PBXGroup;
			children = (
				02813FA02EC1BC0600172149 /* NativeGrayscaleSample.app */,
			);
			name = Products;
			sourceTree = "<group>";
		};
		02BA4E052EC47A0000DEC8DD /* Products */ = {
			isa = PBXGroup;
			children = (
				02BA4E092EC47A0000DEC8DD /* NativeGrayscaleSDK.framework */,
			);
			name = Products;
			sourceTree = "<group>";
		};
		02E70C382EC1CDF50084E2F6 /* Frameworks */ = {
			isa = PBXGroup;
			children = (
				F4BE255195DBA1F95893D197 /* Pods_NativeGrayscaleSample.framework */,
			);
			name = Frameworks;
			sourceTree = "<group>";
		};
		1FD4A0255CF58DD7A1651AE5 /* Pods */ = {
			isa = PBXGroup;
			children = (
				7E524D6A220A8C8F27563C50 /* Pods-NativeGrayscaleSample.debug.xcconfig */,
				CFDC5975AC39B072C854DFC5 /* Pods-NativeGrayscaleSample.release.xcconfig */,
			);
			path = Pods;
			sourceTree = "<group>";
		};
/* End PBXGroup section */

/* Begin PBXNativeTarget section */
		02813F9F2EC1BC0600172149 /* NativeGrayscaleSample */ = {
			isa = PBXNativeTarget;
			buildConfigurationList = 02813FAB2EC1BC0800172149 /* Build configuration list for PBXNativeTarget "NativeGrayscaleSample" */;
			buildPhases = (
				9C5D04E98DC738BD7C1CB2DC /* [CP] Check Pods Manifest.lock */,
				4D92DFADA6D0A236CC8A3A28 /* [CP-User] Run Flutter Build native_grayscale_sdk Script */,
				02813F9C2EC1BC0600172149 /* Sources */,
				02813F9D2EC1BC0600172149 /* Frameworks */,
				02813F9E2EC1BC0600172149 /* Resources */,
				02E70C3B2EC1CDF50084E2F6 /* Embed Frameworks */,
				8A8195E463CD7271C2EA9154 /* [CP] Embed Pods Frameworks */,
				D14D2835F0F5701FA527ECFB /* [CP-User] Embed Flutter Build native_grayscale_sdk Script */,
			);
			buildRules = (
			);
			dependencies = (
				02BA4E0B2EC47A0500DEC8DD /* PBXTargetDependency */,
			);
			fileSystemSynchronizedGroups = (
				02813FA22EC1BC0600172149 /* NativeGrayscaleSample */,
			);
			name = NativeGrayscaleSample;
			productName = NativeGrayscaleSample;
			productReference = 02813FA02EC1BC0600172149 /* NativeGrayscaleSample.app */;
			productType = "com.apple.product-type.application";
		};
/* End PBXNativeTarget section */

/* Begin PBXProject section */
		02813F982EC1BC0600172149 /* Project object */ = {
			isa = PBXProject;
			attributes = {
				BuildIndependentTargetsInParallel = 1;
				LastSwiftUpdateCheck = 2610;
				LastUpgradeCheck = 2610;
				TargetAttributes = {
					02813F9F2EC1BC0600172149 = {
						CreatedOnToolsVersion = 26.1;
					};
				};
			};
			buildConfigurationList = 02813F9B2EC1BC0600172149 /* Build configuration list for PBXProject "NativeGrayscaleSample" */;
			developmentRegion = en;
			hasScannedForEncodings = 0;
			knownRegions = (
				en,
				Base,
			);
			mainGroup = 02813F972EC1BC0600172149;
			minimizedProjectReferenceProxies = 1;
			packageReferences = (
				029045B62ECFF0B00008E84C /* XCRemoteSwiftPackageReference "swiftui-toasts" */,
			);
			preferredProjectObjectVersion = 77;
			productRefGroup = 02813FA12EC1BC0600172149 /* Products */;
			projectDirPath = "";
			projectReferences = (
				{
					ProductGroup = 02BA4E052EC47A0000DEC8DD /* Products */;
					ProjectRef = 02BA4DF32EC47A0000DEC8DD /* NativeGrayscaleSDK.xcodeproj */;
				},
			);
			projectRoot = "";
			targets = (
				02813F9F2EC1BC0600172149 /* NativeGrayscaleSample */,
			);
		};
/* End PBXProject section */

/* Begin PBXReferenceProxy section */
		02BA4E092EC47A0000DEC8DD /* NativeGrayscaleSDK.framework */ = {
			isa = PBXReferenceProxy;
			fileType = wrapper.framework;
			path = NativeGrayscaleSDK.framework;
			remoteRef = 02BA4E082EC47A0000DEC8DD /* PBXContainerItemProxy */;
			sourceTree = BUILT_PRODUCTS_DIR;
		};
/* End PBXReferenceProxy section */

/* Begin PBXResourcesBuildPhase section */
		02813F9E2EC1BC0600172149 /* Resources */ = {
			isa = PBXResourcesBuildPhase;
			buildActionMask = 2147483647;
			files = (
			);
			runOnlyForDeploymentPostprocessing = 0;
		};
/* End PBXResourcesBuildPhase section */

/* Begin PBXShellScriptBuildPhase section */
		4D92DFADA6D0A236CC8A3A28 /* [CP-User] Run Flutter Build native_grayscale_sdk Script */ = {
			isa = PBXShellScriptBuildPhase;
			buildActionMask = 2147483647;
			files = (
			);
			name = "[CP-User] Run Flutter Build native_grayscale_sdk Script";
			runOnlyForDeploymentPostprocessing = 0;
			shellPath = /bin/sh;
			shellScript = "set -e\nset -u\nsource \"${SRCROOT}/../native_grayscale_sdk/flutter/.ios/Flutter/flutter_export_environment.sh\"\nexport VERBOSE_SCRIPT_LOGGING=1 && \"$FLUTTER_ROOT\"/packages/flutter_tools/bin/xcode_backend.sh build";
		};
		8A8195E463CD7271C2EA9154 /* [CP] Embed Pods Frameworks */ = {
			isa = PBXShellScriptBuildPhase;
			buildActionMask = 2147483647;
			files = (
			);
			inputFileListPaths = (
				"${PODS_ROOT}/Target Support Files/Pods-NativeGrayscaleSample/Pods-NativeGrayscaleSample-frameworks-${CONFIGURATION}-input-files.xcfilelist",
			);
			name = "[CP] Embed Pods Frameworks";
			outputFileListPaths = (
				"${PODS_ROOT}/Target Support Files/Pods-NativeGrayscaleSample/Pods-NativeGrayscaleSample-frameworks-${CONFIGURATION}-output-files.xcfilelist",
			);
			runOnlyForDeploymentPostprocessing = 0;
			shellPath = /bin/sh;
			shellScript = "\"${PODS_ROOT}/Target Support Files/Pods-NativeGrayscaleSample/Pods-NativeGrayscaleSample-frameworks.sh\"\n";
			showEnvVarsInLog = 0;
		};
		9C5D04E98DC738BD7C1CB2DC /* [CP] Check Pods Manifest.lock */ = {
			isa = PBXShellScriptBuildPhase;
			buildActionMask = 2147483647;
			files = (
			);
			inputFileListPaths = (
			);
			inputPaths = (
				"${PODS_PODFILE_DIR_PATH}/Podfile.lock",
				"${PODS_ROOT}/Manifest.lock",
			);
			name = "[CP] Check Pods Manifest.lock";
			outputFileListPaths = (
			);
			outputPaths = (
				"$(DERIVED_FILE_DIR)/Pods-NativeGrayscaleSample-checkManifestLockResult.txt",
			);
			runOnlyForDeploymentPostprocessing = 0;
			shellPath = /bin/sh;
			shellScript = "diff \"${PODS_PODFILE_DIR_PATH}/Podfile.lock\" \"${PODS_ROOT}/Manifest.lock\" > /dev/null\nif [ $? != 0 ] ; then\n    # print error to STDERR\n    echo \"error: The sandbox is not in sync with the Podfile.lock. Run 'pod install' or update your CocoaPods installation.\" >&2\n    exit 1\nfi\n# This output is used by Xcode 'outputs' to avoid re-running this script phase.\necho \"SUCCESS\" > \"${SCRIPT_OUTPUT_FILE_0}\"\n";
			showEnvVarsInLog = 0;
		};
		D14D2835F0F5701FA527ECFB /* [CP-User] Embed Flutter Build native_grayscale_sdk Script */ = {
			isa = PBXShellScriptBuildPhase;
			buildActionMask = 2147483647;
			files = (
			);
			name = "[CP-User] Embed Flutter Build native_grayscale_sdk Script";
			runOnlyForDeploymentPostprocessing = 0;
			shellPath = /bin/sh;
			shellScript = "set -e\nset -u\nsource \"${SRCROOT}/../native_grayscale_sdk/flutter/.ios/Flutter/flutter_export_environment.sh\"\nexport VERBOSE_SCRIPT_LOGGING=1 && \"$FLUTTER_ROOT\"/packages/flutter_tools/bin/xcode_backend.sh embed_and_thin";
		};
/* End PBXShellScriptBuildPhase section */

/* Begin PBXSourcesBuildPhase section */
		02813F9C2EC1BC0600172149 /* Sources */ = {
			isa = PBXSourcesBuildPhase;
			buildActionMask = 2147483647;
			files = (
			);
			runOnlyForDeploymentPostprocessing = 0;
		};
/* End PBXSourcesBuildPhase section */

/* Begin PBXTargetDependency section */
		02BA4E0B2EC47A0500DEC8DD /* PBXTargetDependency */ = {
			isa = PBXTargetDependency;
			name = NativeGrayscaleSDK;
			targetProxy = 02BA4E0A2EC47A0500DEC8DD /* PBXContainerItemProxy */;
		};
/* End PBXTargetDependency section */

/* Begin XCBuildConfiguration section */
		02813FA92EC1BC0800172149 /* Debug */ = {
			isa = XCBuildConfiguration;
			buildSettings = {
				ALWAYS_SEARCH_USER_PATHS = NO;
				ASSETCATALOG_COMPILER_GENERATE_SWIFT_ASSET_SYMBOL_EXTENSIONS = YES;
				CLANG_ANALYZER_NONNULL = YES;
				CLANG_ANALYZER_NUMBER_OBJECT_CONVERSION = YES_AGGRESSIVE;
				CLANG_CXX_LANGUAGE_STANDARD = "gnu++20";
				CLANG_ENABLE_MODULES = YES;
				CLANG_ENABLE_OBJC_ARC = YES;
				CLANG_ENABLE_OBJC_WEAK = YES;
				CLANG_WARN_BLOCK_CAPTURE_AUTORELEASING = YES;
				CLANG_WARN_BOOL_CONVERSION = YES;
				CLANG_WARN_COMMA = YES;
				CLANG_WARN_CONSTANT_CONVERSION = YES;
				CLANG_WARN_DEPRECATED_OBJC_IMPLEMENTATIONS = YES;
				CLANG_WARN_DIRECT_OBJC_ISA_USAGE = YES_ERROR;
				CLANG_WARN_DOCUMENTATION_COMMENTS = YES;
				CLANG_WARN_EMPTY_BODY = YES;
				CLANG_WARN_ENUM_CONVERSION = YES;
				CLANG_WARN_INFINITE_RECURSION = YES;
				CLANG_WARN_INT_CONVERSION = YES;
				CLANG_WARN_NON_LITERAL_NULL_CONVERSION = YES;
				CLANG_WARN_OBJC_IMPLICIT_RETAIN_SELF = YES;
				CLANG_WARN_OBJC_LITERAL_CONVERSION = YES;
				CLANG_WARN_OBJC_ROOT_CLASS = YES_ERROR;
				CLANG_WARN_QUOTED_INCLUDE_IN_FRAMEWORK_HEADER = YES;
				CLANG_WARN_RANGE_LOOP_ANALYSIS = YES;
				CLANG_WARN_STRICT_PROTOTYPES = YES;
				CLANG_WARN_SUSPICIOUS_MOVE = YES;
				CLANG_WARN_UNGUARDED_AVAILABILITY = YES_AGGRESSIVE;
				CLANG_WARN_UNREACHABLE_CODE = YES;
				CLANG_WARN__DUPLICATE_METHOD_MATCH = YES;
				COPY_PHASE_STRIP = NO;
				DEBUG_INFORMATION_FORMAT = dwarf;
				DEVELOPMENT_TEAM = 9TKL9SSY32;
				ENABLE_STRICT_OBJC_MSGSEND = YES;
				ENABLE_TESTABILITY = YES;
				ENABLE_USER_SCRIPT_SANDBOXING = NO;
				GCC_C_LANGUAGE_STANDARD = gnu17;
				GCC_DYNAMIC_NO_PIC = NO;
				GCC_NO_COMMON_BLOCKS = YES;
				GCC_OPTIMIZATION_LEVEL = 0;
				GCC_PREPROCESSOR_DEFINITIONS = (
					"DEBUG=1",
					"$(inherited)",
				);
				GCC_WARN_64_TO_32_BIT_CONVERSION = YES;
				GCC_WARN_ABOUT_RETURN_TYPE = YES_ERROR;
				GCC_WARN_UNDECLARED_SELECTOR = YES;
				GCC_WARN_UNINITIALIZED_AUTOS = YES_AGGRESSIVE;
				GCC_WARN_UNUSED_FUNCTION = YES;
				GCC_WARN_UNUSED_VARIABLE = YES;
				IPHONEOS_DEPLOYMENT_TARGET = 26.1;
				LOCALIZATION_PREFERS_STRING_CATALOGS = YES;
				MTL_ENABLE_DEBUG_INFO = INCLUDE_SOURCE;
				MTL_FAST_MATH = YES;
				ONLY_ACTIVE_ARCH = YES;
				SDKROOT = iphoneos;
				SWIFT_ACTIVE_COMPILATION_CONDITIONS = "DEBUG $(inherited)";
				SWIFT_OPTIMIZATION_LEVEL = "-Onone";
			};
			name = Debug;
		};
		02813FAA2EC1BC0800172149 /* Release */ = {
			isa = XCBuildConfiguration;
			buildSettings = {
				ALWAYS_SEARCH_USER_PATHS = NO;
				ASSETCATALOG_COMPILER_GENERATE_SWIFT_ASSET_SYMBOL_EXTENSIONS = YES;
				CLANG_ANALYZER_NONNULL = YES;
				CLANG_ANALYZER_NUMBER_OBJECT_CONVERSION = YES_AGGRESSIVE;
				CLANG_CXX_LANGUAGE_STANDARD = "gnu++20";
				CLANG_ENABLE_MODULES = YES;
				CLANG_ENABLE_OBJC_ARC = YES;
				CLANG_ENABLE_OBJC_WEAK = YES;
				CLANG_WARN_BLOCK_CAPTURE_AUTORELEASING = YES;
				CLANG_WARN_BOOL_CONVERSION = YES;
				CLANG_WARN_COMMA = YES;
				CLANG_WARN_CONSTANT_CONVERSION = YES;
				CLANG_WARN_DEPRECATED_OBJC_IMPLEMENTATIONS = YES;
				CLANG_WARN_DIRECT_OBJC_ISA_USAGE = YES_ERROR;
				CLANG_WARN_DOCUMENTATION_COMMENTS = YES;
				CLANG_WARN_EMPTY_BODY = YES;
				CLANG_WARN_ENUM_CONVERSION = YES;
				CLANG_WARN_INFINITE_RECURSION = YES;
				CLANG_WARN_INT_CONVERSION = YES;
				CLANG_WARN_NON_LITERAL_NULL_CONVERSION = YES;
				CLANG_WARN_OBJC_IMPLICIT_RETAIN_SELF = YES;
				CLANG_WARN_OBJC_LITERAL_CONVERSION = YES;
				CLANG_WARN_OBJC_ROOT_CLASS = YES_ERROR;
				CLANG_WARN_QUOTED_INCLUDE_IN_FRAMEWORK_HEADER = YES;
				CLANG_WARN_RANGE_LOOP_ANALYSIS = YES;
				CLANG_WARN_STRICT_PROTOTYPES = YES;
				CLANG_WARN_SUSPICIOUS_MOVE = YES;
				CLANG_WARN_UNGUARDED_AVAILABILITY = YES_AGGRESSIVE;
				CLANG_WARN_UNREACHABLE_CODE = YES;
				CLANG_WARN__DUPLICATE_METHOD_MATCH = YES;
				COPY_PHASE_STRIP = NO;
				DEBUG_INFORMATION_FORMAT = "dwarf-with-dsym";
				DEVELOPMENT_TEAM = 9TKL9SSY32;
				ENABLE_NS_ASSERTIONS = NO;
				ENABLE_STRICT_OBJC_MSGSEND = YES;
				ENABLE_USER_SCRIPT_SANDBOXING = NO;
				GCC_C_LANGUAGE_STANDARD = gnu17;
				GCC_NO_COMMON_BLOCKS = YES;
				GCC_WARN_64_TO_32_BIT_CONVERSION = YES;
				GCC_WARN_ABOUT_RETURN_TYPE = YES_ERROR;
				GCC_WARN_UNDECLARED_SELECTOR = YES;
				GCC_WARN_UNINITIALIZED_AUTOS = YES_AGGRESSIVE;
				GCC_WARN_UNUSED_FUNCTION = YES;
				GCC_WARN_UNUSED_VARIABLE = YES;
				IPHONEOS_DEPLOYMENT_TARGET = 26.1;
				LOCALIZATION_PREFERS_STRING_CATALOGS = YES;
				MTL_ENABLE_DEBUG_INFO = NO;
				MTL_FAST_MATH = YES;
				SDKROOT = iphoneos;
				SWIFT_COMPILATION_MODE = wholemodule;
				VALIDATE_PRODUCT = YES;
			};
			name = Release;
		};
		02813FAC2EC1BC0800172149 /* Debug */ = {
			isa = XCBuildConfiguration;
			baseConfigurationReference = 7E524D6A220A8C8F27563C50 /* Pods-NativeGrayscaleSample.debug.xcconfig */;
			buildSettings = {
				ASSETCATALOG_COMPILER_APPICON_NAME = AppIcon;
				ASSETCATALOG_COMPILER_GLOBAL_ACCENT_COLOR_NAME = AccentColor;
				"CODE_SIGN_IDENTITY[sdk=iphoneos*]" = "iPhone Developer";
				CODE_SIGN_STYLE = Manual;
				CURRENT_PROJECT_VERSION = 1;
				DEVELOPMENT_TEAM = "";
				"DEVELOPMENT_TEAM[sdk=iphoneos*]" = 9TKL9SSY32;
				ENABLE_PREVIEWS = YES;
				"EXCLUDED_ARCHS[sdk=iphonesimulator*]" = arm64;
				GENERATE_INFOPLIST_FILE = NO;
				INFOPLIST_FILE = NativeGrayscaleSample/Info.plist;
				INFOPLIST_KEY_UIApplicationSceneManifest_Generation = YES;
				INFOPLIST_KEY_UIApplicationSupportsIndirectInputEvents = YES;
				INFOPLIST_KEY_UILaunchScreen_Generation = YES;
				INFOPLIST_KEY_UISupportedInterfaceOrientations_iPad = "UIInterfaceOrientationPortrait UIInterfaceOrientationPortraitUpsideDown UIInterfaceOrientationLandscapeLeft UIInterfaceOrientationLandscapeRight";
				INFOPLIST_KEY_UISupportedInterfaceOrientations_iPhone = "UIInterfaceOrientationPortrait UIInterfaceOrientationLandscapeLeft UIInterfaceOrientationLandscapeRight";
				IPHONEOS_DEPLOYMENT_TARGET = 15.6;
				LD_RUNPATH_SEARCH_PATHS = (
					"$(inherited)",
					"@executable_path/Frameworks",
				);
				MARKETING_VERSION = 1.0;
				PRODUCT_BUNDLE_IDENTIFIER = com.sktelecom.native.grayscale.sample;
				PRODUCT_NAME = "$(TARGET_NAME)";
				PROVISIONING_PROFILE_SPECIFIER = "";
				"PROVISIONING_PROFILE_SPECIFIER[sdk=iphoneos*]" = wildcard_development;
				STRING_CATALOG_GENERATE_SYMBOLS = YES;
				SWIFT_APPROACHABLE_CONCURRENCY = YES;
				SWIFT_DEFAULT_ACTOR_ISOLATION = MainActor;
				SWIFT_EMIT_LOC_STRINGS = YES;
				SWIFT_UPCOMING_FEATURE_MEMBER_IMPORT_VISIBILITY = YES;
				SWIFT_VERSION = 5.0;
				TARGETED_DEVICE_FAMILY = "1,2";
			};
			name = Debug;
		};
		02813FAD2EC1BC0800172149 /* Release */ = {
			isa = XCBuildConfiguration;
			baseConfigurationReference = CFDC5975AC39B072C854DFC5 /* Pods-NativeGrayscaleSample.release.xcconfig */;
			buildSettings = {
				ASSETCATALOG_COMPILER_APPICON_NAME = AppIcon;
				ASSETCATALOG_COMPILER_GLOBAL_ACCENT_COLOR_NAME = AccentColor;
				"CODE_SIGN_IDENTITY[sdk=iphoneos*]" = "iPhone Distribution";
				CODE_SIGN_STYLE = Manual;
				CURRENT_PROJECT_VERSION = 1;
				DEVELOPMENT_TEAM = "";
				"DEVELOPMENT_TEAM[sdk=iphoneos*]" = 9TKL9SSY32;
				ENABLE_PREVIEWS = YES;
				"EXCLUDED_ARCHS[sdk=iphonesimulator*]" = arm64;
				GENERATE_INFOPLIST_FILE = YES;
				INFOPLIST_FILE = NativeGrayscaleSample/Info.plist;
				INFOPLIST_KEY_UIApplicationSceneManifest_Generation = YES;
				INFOPLIST_KEY_UIApplicationSupportsIndirectInputEvents = YES;
				INFOPLIST_KEY_UILaunchScreen_Generation = YES;
				INFOPLIST_KEY_UISupportedInterfaceOrientations_iPad = "UIInterfaceOrientationPortrait UIInterfaceOrientationPortraitUpsideDown UIInterfaceOrientationLandscapeLeft UIInterfaceOrientationLandscapeRight";
				INFOPLIST_KEY_UISupportedInterfaceOrientations_iPhone = "UIInterfaceOrientationPortrait UIInterfaceOrientationLandscapeLeft UIInterfaceOrientationLandscapeRight";
				IPHONEOS_DEPLOYMENT_TARGET = 15.6;
				LD_RUNPATH_SEARCH_PATHS = (
					"$(inherited)",
					"@executable_path/Frameworks",
				);
				MARKETING_VERSION = 1.0;
				PRODUCT_BUNDLE_IDENTIFIER = com.sktelecom.native.grayscale.sample;
				PRODUCT_NAME = "$(TARGET_NAME)";
				PROVISIONING_PROFILE_SPECIFIER = "";
				"PROVISIONING_PROFILE_SPECIFIER[sdk=iphoneos*]" = com.sktelecom.native.grayscale.sample.dist;
				STRING_CATALOG_GENERATE_SYMBOLS = YES;
				SWIFT_APPROACHABLE_CONCURRENCY = YES;
				SWIFT_DEFAULT_ACTOR_ISOLATION = MainActor;
				SWIFT_EMIT_LOC_STRINGS = YES;
				SWIFT_UPCOMING_FEATURE_MEMBER_IMPORT_VISIBILITY = YES;
				SWIFT_VERSION = 5.0;
				TARGETED_DEVICE_FAMILY = "1,2";
			};
			name = Release;
		};
/* End XCBuildConfiguration section */

/* Begin XCConfigurationList section */
		02813F9B2EC1BC0600172149 /* Build configuration list for PBXProject "NativeGrayscaleSample" */ = {
			isa = XCConfigurationList;
			buildConfigurations = (
				02813FA92EC1BC0800172149 /* Debug */,
				02813FAA2EC1BC0800172149 /* Release */,
			);
			defaultConfigurationIsVisible = 0;
			defaultConfigurationName = Release;
		};
		02813FAB2EC1BC0800172149 /* Build configuration list for PBXNativeTarget "NativeGrayscaleSample" */ = {
			isa = XCConfigurationList;
			buildConfigurations = (
				02813FAC2EC1BC0800172149 /* Debug */,
				02813FAD2EC1BC0800172149 /* Release */,
			);
			defaultConfigurationIsVisible = 0;
			defaultConfigurationName = Release;
		};
/* End XCConfigurationList section */

/* Begin XCRemoteSwiftPackageReference section */
		029045B62ECFF0B00008E84C /* XCRemoteSwiftPackageReference "swiftui-toasts" */ = {
			isa = XCRemoteSwiftPackageReference;
			repositoryURL = "https://github.com/sunghyun-k/swiftui-toasts.git";
			requirement = {
				kind = upToNextMajorVersion;
				minimumVersion = 1.1.1;
			};
		};
/* End XCRemoteSwiftPackageReference section */

/* Begin XCSwiftPackageProductDependency section */
		029045B72ECFF0B00008E84C /* Toasts */ = {
			isa = XCSwiftPackageProductDependency;
			package = 029045B62ECFF0B00008E84C /* XCRemoteSwiftPackageReference "swiftui-toasts" */;
			productName = Toasts;
		};
/* End XCSwiftPackageProductDependency section */
	};
	rootObject = 02813F982EC1BC0600172149 /* Project object */;
}
